
Microsoft Visual Studio Solution File, Format Version 12.00
# Visual Studio Version 16
VisualStudioVersion = 16.0.30225.117
MinimumVisualStudioVersion = 10.0.40219.1
Project("{FAE04EC0-301F-11D3-BF4B-00C04F79EFBC}") = "FileReader", "FileReader\FileReader.csproj", "{8E57E62A-C1C6-42A9-9623-4F0EB7E6059E}"
EndProject
Global
	GlobalSection(SolutionConfigurationPlatforms) = preSolution
		Debug|Any CPU = Debug|Any CPU
		Release|Any CPU = Release|Any CPU
	EndGlobalSection
	GlobalSection(ProjectConfigurationPlatforms) = postSolution
		{8E57E62A-C1C6-42A9-9623-4F0EB7E6059E}.Debug|Any CPU.ActiveCfg = Debug|Any CPU
		{8E57E62A-C1C6-42A9-9623-4F0EB7E6059E}.Debug|Any CPU.Build.0 = Debug|Any CPU
		{8E57E62A-C1C6-42A9-9623-4F0EB7E6059E}.Release|Any CPU.ActiveCfg = Release|Any CPU
		{8E57E62A-C1C6-42A9-9623-4F0EB7E6059E}.Release|Any CPU.Build.0 = Release|Any CPU
	EndGlobalSection
	GlobalSection(SolutionProperties) = preSolution
		HideSolutionNode = FALSE
	EndGlobalSection
	GlobalSection(ExtensibilityGlobals) = postSolution
		SolutionGuid = {DAA3762C-E136-437A-B042-C3EB62358BF1}
	EndGlobalSection
EndGlobal
